
Microsoft Visual Studio Solution File, Format Version 10.00
# Visual Basic Express 2008
Project("{F184B08F-C81C-45F6-A57F-5ABD9991F28F}") = "EPubMetadataEditor", "EPubMetadataEditor\EPubMetadataEditor.vbproj", "{CEA6CCB2-5C88-4CD4-A7D3-BB76358B8A31}"
EndProject
Global
	GlobalSection(SolutionConfigurationPlatforms) = preSolution
		Debug|Any CPU = Debug|Any CPU
		Release|Any CPU = Release|Any CPU
	EndGlobalSection
	GlobalSection(ProjectConfigurationPlatforms) = postSolution
		{CEA6CCB2-5C88-4CD4-A7D3-BB76358B8A31}.Debug|Any CPU.ActiveCfg = Debug|Any CPU
		{CEA6CCB2-5C88-4CD4-A7D3-BB76358B8A31}.Debug|Any CPU.Build.0 = Debug|Any CPU
		{CEA6CCB2-5C88-4CD4-A7D3-BB76358B8A31}.Release|Any CPU.ActiveCfg = Release|Any CPU
		{CEA6CCB2-5C88-4CD4-A7D3-BB76358B8A31}.Release|Any CPU.Build.0 = Release|Any CPU
	EndGlobalSection
	GlobalSection(SolutionProperties) = preSolution
		HideSolutionNode = FALSE
	EndGlobalSection
EndGlobal
